{
  "name": "konami-listener",
  "version": "0.3.0",
  "lockfileVersion": 1,
  "requires": true,
  "dependencies": {
    "@stencil/core": {
      "version": "1.12.7",
      "resolved": "https://registry.npmjs.org/@stencil/core/-/core-1.12.7.tgz",
      "integrity": "sha512-Ob+xncjuHebjSHqOGh9acXx0Jw2rSTzGP1XiYNKYQnoFtcvKpGqLhr2ibWqS1Z40aEwgI/OvYYldfWsp/C+0mw==",
      "dev": true,
      "requires": {
        "typescript": "3.8.3"
      }
    },
    "typescript": {
      "version": "3.8.3",
      "resolved": "https://registry.npmjs.org/typescript/-/typescript-3.8.3.tgz",
      "integrity": "sha512-MYlEfn5VrLNsgudQTVJeNaQFUAI7DkhnOjdpAp4T+ku1TfQClewlbSuTVHiA+8skNBgaf02TL/kLOvig4y3G8w==",
      "dev": true
    }
  }
}
